<?xml version="1.0" encoding="utf-8"?>
<Project ToolsVersion="4.0" xmlns="http://schemas.microsoft.com/developer/msbuild/2003">
  <ItemGroup>
    <Filter Include="源文件">
      <UniqueIdentifier>{4FC737F1-C7A5-4376-A066-2A32D752A2FF}</UniqueIdentifier>
      <Extensions>cpp;c;cc;cxx;def;odl;idl;hpj;bat;asm;asmx</Extensions>
    </Filter>
    <Filter Include="头文件">
      <UniqueIdentifier>{93995380-89BD-4b04-88EB-625FBE52EBFB}</UniqueIdentifier>
      <Extensions>h;hh;hpp;hxx;hm;inl;inc;ipp;xsd</Extensions>
    </Filter>
    <Filter Include="资源文件">
      <UniqueIdentifier>{67DA6AB6-F800-4c08-8B7A-83BB121AAD01}</UniqueIdentifier>
      <Extensions>rc;ico;cur;bmp;dlg;rc2;rct;bin;rgs;gif;jpg;jpeg;jpe;resx;tiff;tif;png;wav;mfcribbon-ms</Extensions>
    </Filter>
    <Filter Include="资源文件\Shaders">
      <UniqueIdentifier>{1829c6a6-ba94-4dd7-acd7-261391f03284}</UniqueIdentifier>
    </Filter>
    <Filter Include="资源文件\Shaders\Textures">
      <UniqueIdentifier>{ad9f8eee-e284-4dbc-af23-bacda98d123f}</UniqueIdentifier>
    </Filter>
    <Filter Include="资源文件\Images">
      <UniqueIdentifier>{fbcb7695-8234-488d-be5a-b880abc0b4df}</UniqueIdentifier>
    </Filter>
    <Filter Include="源文件\Lighting">
      <UniqueIdentifier>{48b9ec8a-254d-4d3b-a07c-07ec0cd01925}</UniqueIdentifier>
    </Filter>
    <Filter Include="源文件\PBR">
      <UniqueIdentifier>{028888da-7646-4607-a3fa-cea9ec41e036}</UniqueIdentifier>
    </Filter>
  </ItemGroup>
  <ItemGroup>
    <ClCompile Include="main.cpp">
      <Filter>源文件</Filter>
    </ClCompile>
    <ClCompile Include="glad.c">
      <Filter>源文件</Filter>
    </ClCompile>
  </ItemGroup>
  <ItemGroup>
    <None Include="Shaders\vshader.vs">
      <Filter>资源文件\Shaders\Textures</Filter>
    </None>
    <None Include="Shaders\fshader.fs">
      <Filter>资源文件\Shaders\Textures</Filter>
    </None>
  </ItemGroup>
  <ItemGroup>
    <Image Include="awesomeface.png">
      <Filter>资源文件\Images</Filter>
    </Image>
    <Image Include="container.jpg">
      <Filter>资源文件\Images</Filter>
    </Image>
  </ItemGroup>
  <ItemGroup>
    <ClInclude Include="Lighting\BasicLighting.h">
      <Filter>源文件\Lighting</Filter>
    </ClInclude>
    <ClInclude Include="PBR\PBR_Lighting.h">
      <Filter>源文件\PBR</Filter>
    </ClInclude>
  </ItemGroup>
</Project>